
Microsoft Visual Studio Solution File, Format Version 12.00
# Visual Studio Version 17
VisualStudioVersion = 17.8.34316.72
MinimumVisualStudioVersion = 10.0.40219.1
Project("{FAE04EC0-301F-11D3-BF4B-00C04F79EFBC}") = "Net8UnitTests", "Net8UnitTests.csproj", "{45012785-62F1-46E2-A0F9-BA5FDDE6A56D}"
EndProject
Global
	GlobalSection(SolutionConfigurationPlatforms) = preSolution
		Debug|Any CPU = Debug|Any CPU
		Release|Any CPU = Release|Any CPU
	EndGlobalSection
	GlobalSection(ProjectConfigurationPlatforms) = postSolution
		{45012785-62F1-46E2-A0F9-BA5FDDE6A56D}.Debug|Any CPU.ActiveCfg = Debug|Any CPU
		{45012785-62F1-46E2-A0F9-BA5FDDE6A56D}.Debug|Any CPU.Build.0 = Debug|Any CPU
		{45012785-62F1-46E2-A0F9-BA5FDDE6A56D}.Release|Any CPU.ActiveCfg = Release|Any CPU
		{45012785-62F1-46E2-A0F9-BA5FDDE6A56D}.Release|Any CPU.Build.0 = Release|Any CPU
	EndGlobalSection
	GlobalSection(SolutionProperties) = preSolution
		HideSolutionNode = FALSE
	EndGlobalSection
	GlobalSection(ExtensibilityGlobals) = postSolution
		SolutionGuid = {876AB5A7-E706-4C86-AE3F-4930A975BD4B}
	EndGlobalSection
EndGlobal
